
Microsoft Visual Studio Solution File, Format Version 12.00
# Visual Studio 2012
Project("{FAE04EC0-301F-11D3-BF4B-00C04F79EFBC}") = "Code9.Autocomplete", "Code9.Autocomplete\Code9.Autocomplete.csproj", "{D67C05C4-609B-4812-93B0-2E2345A27E53}"
EndProject
Global
	GlobalSection(SolutionConfigurationPlatforms) = preSolution
		Debug|iPhoneSimulator = Debug|iPhoneSimulator
		Release|iPhoneSimulator = Release|iPhoneSimulator
		Debug|iPhone = Debug|iPhone
		Release|iPhone = Release|iPhone
		Ad-Hoc|iPhone = Ad-Hoc|iPhone
		AppStore|iPhone = AppStore|iPhone
	EndGlobalSection
	GlobalSection(ProjectConfigurationPlatforms) = postSolution
		{D67C05C4-609B-4812-93B0-2E2345A27E53}.Ad-Hoc|iPhone.ActiveCfg = Ad-Hoc|iPhone
		{D67C05C4-609B-4812-93B0-2E2345A27E53}.Ad-Hoc|iPhone.Build.0 = Ad-Hoc|iPhone
		{D67C05C4-609B-4812-93B0-2E2345A27E53}.AppStore|iPhone.ActiveCfg = AppStore|iPhone
		{D67C05C4-609B-4812-93B0-2E2345A27E53}.AppStore|iPhone.Build.0 = AppStore|iPhone
		{D67C05C4-609B-4812-93B0-2E2345A27E53}.Debug|iPhone.ActiveCfg = Debug|iPhone
		{D67C05C4-609B-4812-93B0-2E2345A27E53}.Debug|iPhone.Build.0 = Debug|iPhone
		{D67C05C4-609B-4812-93B0-2E2345A27E53}.Debug|iPhoneSimulator.ActiveCfg = Debug|iPhoneSimulator
		{D67C05C4-609B-4812-93B0-2E2345A27E53}.Debug|iPhoneSimulator.Build.0 = Debug|iPhoneSimulator
		{D67C05C4-609B-4812-93B0-2E2345A27E53}.Release|iPhone.ActiveCfg = Release|iPhone
		{D67C05C4-609B-4812-93B0-2E2345A27E53}.Release|iPhone.Build.0 = Release|iPhone
		{D67C05C4-609B-4812-93B0-2E2345A27E53}.Release|iPhoneSimulator.ActiveCfg = Release|iPhoneSimulator
		{D67C05C4-609B-4812-93B0-2E2345A27E53}.Release|iPhoneSimulator.Build.0 = Release|iPhoneSimulator
	EndGlobalSection
	GlobalSection(MonoDevelopProperties) = preSolution
		StartupItem = Code9.Autocomplete\Code9.Autocomplete.csproj
	EndGlobalSection
EndGlobal
